// !$*UTF8*$!
{
	archiveVersion = 1;
	classes = {
	};
	objectVersion = 50;
	objects = {

/* Begin PBXBuildFile section */
		6B31ED4426A51EF400994036 /* SecurityInfoViewController.swift in Sources */ = {isa = PBXBuildFile; fileRef = 6B31ED4326A51EF400994036 /* SecurityInfoViewController.swift */; };
		6B31ED4626A51EFB00994036 /* PrimaryInfoViewController.swift in Sources */ = {isa = PBXBuildFile; fileRef = 6B31ED4526A51EFB00994036 /* PrimaryInfoViewController.swift */; };
		6B31ED4826A51EFD00994036 /* PersonalInfoViewController.swift in Sources */ = {isa = PBXBuildFile; fileRef = 6B31ED4726A51EFD00994036 /* PersonalInfoViewController.swift */; };
		6B31ED4A26A51EFE00994036 /* JobInfoViewController.swift in Sources */ = {isa = PBXBuildFile; fileRef = 6B31ED4926A51EFE00994036 /* JobInfoViewController.swift */; };
		6B31ED4C26A51FCC00994036 /* UserTabBarController.swift in Sources */ = {isa = PBXBuildFile; fileRef = 6B31ED4B26A51FCC00994036 /* UserTabBarController.swift */; };
		6B31ED5226A52A6300994036 /* UserSecurityInfo.swift in Sources */ = {isa = PBXBuildFile; fileRef = 6B31ED5126A52A6300994036 /* UserSecurityInfo.swift */; };
		6B31ED5426A52A7B00994036 /* UserPrimaryInfo.swift in Sources */ = {isa = PBXBuildFile; fileRef = 6B31ED5326A52A7B00994036 /* UserPrimaryInfo.swift */; };
		6B31ED5626A52A9700994036 /* UserJobInfo.swift in Sources */ = {isa = PBXBuildFile; fileRef = 6B31ED5526A52A9700994036 /* UserJobInfo.swift */; };
		6B31ED5826A52AAD00994036 /* UserPersonalInfo.swift in Sources */ = {isa = PBXBuildFile; fileRef = 6B31ED5726A52AAD00994036 /* UserPersonalInfo.swift */; };
		6BA59751269F7EDC0008DB5F /* AppDelegate.swift in Sources */ = {isa = PBXBuildFile; fileRef = 6BA59750269F7EDC0008DB5F /* AppDelegate.swift */; };
		6BA59753269F7EDC0008DB5F /* SceneDelegate.swift in Sources */ = {isa = PBXBuildFile; fileRef = 6BA59752269F7EDC0008DB5F /* SceneDelegate.swift */; };
		6BA59755269F7EDC0008DB5F /* LoginViewController.swift in Sources */ = {isa = PBXBuildFile; fileRef = 6BA59754269F7EDC0008DB5F /* LoginViewController.swift */; };
		6BA59758269F7EDC0008DB5F /* Main.storyboard in Resources */ = {isa = PBXBuildFile; fileRef = 6BA59756269F7EDC0008DB5F /* Main.storyboard */; };
		6BA5975A269F7EDD0008DB5F /* Assets.xcassets in Resources */ = {isa = PBXBuildFile; fileRef = 6BA59759269F7EDD0008DB5F /* Assets.xcassets */; };
		6BA5975D269F7EDD0008DB5F /* LaunchScreen.storyboard in Resources */ = {isa = PBXBuildFile; fileRef = 6BA5975B269F7EDD0008DB5F /* LaunchScreen.storyboard */; };
		6BA5978F26A4EA4E0008DB5F /* User.swift in Sources */ = {isa = PBXBuildFile; fileRef = 6BA5978E26A4EA4E0008DB5F /* User.swift */; };
/* End PBXBuildFile section */

/* Begin PBXFileReference section */
		6B31ED4326A51EF400994036 /* SecurityInfoViewController.swift */ = {isa = PBXFileReference; lastKnownFileType = sourcecode.swift; path = SecurityInfoViewController.swift; sourceTree = "<group>"; };
		6B31ED4526A51EFB00994036 /* PrimaryInfoViewController.swift */ = {isa = PBXFileReference; lastKnownFileType = sourcecode.swift; path = PrimaryInfoViewController.swift; sourceTree = "<group>"; };
		6B31ED4726A51EFD00994036 /* PersonalInfoViewController.swift */ = {isa = PBXFileReference; lastKnownFileType = sourcecode.swift; path = PersonalInfoViewController.swift; sourceTree = "<group>"; };
		6B31ED4926A51EFE00994036 /* JobInfoViewController.swift */ = {isa = PBXFileReference; lastKnownFileType = sourcecode.swift; path = JobInfoViewController.swift; sourceTree = "<group>"; };
		6B31ED4B26A51FCC00994036 /* UserTabBarController.swift */ = {isa = PBXFileReference; lastKnownFileType = sourcecode.swift; path = UserTabBarController.swift; sourceTree = "<group>"; };
		6B31ED5126A52A6300994036 /* UserSecurityInfo.swift */ = {isa = PBXFileReference; lastKnownFileType = sourcecode.swift; path = UserSecurityInfo.swift; sourceTree = "<group>"; };
		6B31ED5326A52A7B00994036 /* UserPrimaryInfo.swift */ = {isa = PBXFileReference; lastKnownFileType = sourcecode.swift; path = UserPrimaryInfo.swift; sourceTree = "<group>"; };
		6B31ED5526A52A9700994036 /* UserJobInfo.swift */ = {isa = PBXFileReference; lastKnownFileType = sourcecode.swift; path = UserJobInfo.swift; sourceTree = "<group>"; };
		6B31ED5726A52AAD00994036 /* UserPersonalInfo.swift */ = {isa = PBXFileReference; lastKnownFileType = sourcecode.swift; path = UserPersonalInfo.swift; sourceTree = "<group>"; };
		6BA5974D269F7EDC0008DB5F /* Homework4.app */ = {isa = PBXFileReference; explicitFileType = wrapper.application; includeInIndex = 0; path = Homework4.app; sourceTree = BUILT_PRODUCTS_DIR; };
		6BA59750269F7EDC0008DB5F /* AppDelegate.swift */ = {isa = PBXFileReference; lastKnownFileType = sourcecode.swift; path = AppDelegate.swift; sourceTree = "<group>"; };
		6BA59752269F7EDC0008DB5F /* SceneDelegate.swift */ = {isa = PBXFileReference; lastKnownFileType = sourcecode.swift; path = SceneDelegate.swift; sourceTree = "<group>"; };
		6BA59754269F7EDC0008DB5F /* LoginViewController.swift */ = {isa = PBXFileReference; lastKnownFileType = sourcecode.swift; path = LoginViewController.swift; sourceTree = "<group>"; };
		6BA59757269F7EDC0008DB5F /* Base */ = {isa = PBXFileReference; lastKnownFileType = file.storyboard; name = Base; path = Base.lproj/Main.storyboard; sourceTree = "<group>"; };
		6BA59759269F7EDD0008DB5F /* Assets.xcassets */ = {isa = PBXFileReference; lastKnownFileType = folder.assetcatalog; path = Assets.xcassets; sourceTree = "<group>"; };
		6BA5975C269F7EDD0008DB5F /* Base */ = {isa = PBXFileReference; lastKnownFileType = file.storyboard; name = Base; path = Base.lproj/LaunchScreen.storyboard; sourceTree = "<group>"; };
		6BA5975E269F7EDD0008DB5F /* Info.plist */ = {isa = PBXFileReference; lastKnownFileType = text.plist.xml; path = Info.plist; sourceTree = "<group>"; };
		6BA5978E26A4EA4E0008DB5F /* User.swift */ = {isa = PBXFileReference; lastKnownFileType = sourcecode.swift; path = User.swift; sourceTree = "<group>"; };
/* End PBXFileReference section */

/* Begin PBXFrameworksBuildPhase section */
		6BA5974A269F7EDC0008DB5F /* Frameworks */ = {
			isa = PBXFrameworksBuildPhase;
			buildActionMask = 2147483647;
			files = (
			);
			runOnlyForDeploymentPostprocessing = 0;
		};
/* End PBXFrameworksBuildPhase section */

/* Begin PBXGroup section */
		6B31ED4226A51ECB00994036 /* TabsControllers */ = {
			isa = PBXGroup;
			children = (
				6B31ED4526A51EFB00994036 /* PrimaryInfoViewController.swift */,
				6B31ED4926A51EFE00994036 /* JobInfoViewController.swift */,
				6B31ED4726A51EFD00994036 /* PersonalInfoViewController.swift */,
				6B31ED4326A51EF400994036 /* SecurityInfoViewController.swift */,
			);
			path = TabsControllers;
			sourceTree = "<group>";
		};
		6BA59744269F7EDC0008DB5F = {
			isa = PBXGroup;
			children = (
				6BA5974F269F7EDC0008DB5F /* Homework4 */,
				6BA5974E269F7EDC0008DB5F /* Products */,
			);
			sourceTree = "<group>";
		};
		6BA5974E269F7EDC0008DB5F /* Products */ = {
			isa = PBXGroup;
			children = (
				6BA5974D269F7EDC0008DB5F /* Homework4.app */,
			);
			name = Products;
			sourceTree = "<group>";
		};
		6BA5974F269F7EDC0008DB5F /* Homework4 */ = {
			isa = PBXGroup;
			children = (
				6BA5978D26A4EA3C0008DB5F /* Models */,
				6BA59768269F87700008DB5F /* Controllers */,
				6BA59750269F7EDC0008DB5F /* AppDelegate.swift */,
				6BA59752269F7EDC0008DB5F /* SceneDelegate.swift */,
				6BA59756269F7EDC0008DB5F /* Main.storyboard */,
				6BA59759269F7EDD0008DB5F /* Assets.xcassets */,
				6BA5975B269F7EDD0008DB5F /* LaunchScreen.storyboard */,
				6BA5975E269F7EDD0008DB5F /* Info.plist */,
			);
			path = Homework4;
			sourceTree = "<group>";
		};
		6BA59768269F87700008DB5F /* Controllers */ = {
			isa = PBXGroup;
			children = (
				6B31ED4226A51ECB00994036 /* TabsControllers */,
				6BA59754269F7EDC0008DB5F /* LoginViewController.swift */,
				6B31ED4B26A51FCC00994036 /* UserTabBarController.swift */,
			);
			path = Controllers;
			sourceTree = "<group>";
		};
		6BA5978D26A4EA3C0008DB5F /* Models */ = {
			isa = PBXGroup;
			children = (
				6BA5978E26A4EA4E0008DB5F /* User.swift */,
				6B31ED5126A52A6300994036 /* UserSecurityInfo.swift */,
				6B31ED5326A52A7B00994036 /* UserPrimaryInfo.swift */,
				6B31ED5526A52A9700994036 /* UserJobInfo.swift */,
				6B31ED5726A52AAD00994036 /* UserPersonalInfo.swift */,
			);
			path = Models;
			sourceTree = "<group>";
		};
/* End PBXGroup section */

/* Begin PBXNativeTarget section */
		6BA5974C269F7EDC0008DB5F /* Homework4 */ = {
			isa = PBXNativeTarget;
			buildConfigurationList = 6BA59761269F7EDD0008DB5F /* Build configuration list for PBXNativeTarget "Homework4" */;
			buildPhases = (
				6BA59749269F7EDC0008DB5F /* Sources */,
				6BA5974A269F7EDC0008DB5F /* Frameworks */,
				6BA5974B269F7EDC0008DB5F /* Resources */,
			);
			buildRules = (
			);
			dependencies = (
			);
			name = Homework4;
			productName = Homework3;
			productReference = 6BA5974D269F7EDC0008DB5F /* Homework4.app */;
			productType = "com.apple.product-type.application";
		};
/* End PBXNativeTarget section */

/* Begin PBXProject section */
		6BA59745269F7EDC0008DB5F /* Project object */ = {
			isa = PBXProject;
			attributes = {
				LastSwiftUpdateCheck = 1250;
				LastUpgradeCheck = 1250;
				TargetAttributes = {
					6BA5974C269F7EDC0008DB5F = {
						CreatedOnToolsVersion = 12.5;
					};
				};
			};
			buildConfigurationList = 6BA59748269F7EDC0008DB5F /* Build configuration list for PBXProject "Homework4" */;
			compatibilityVersion = "Xcode 9.3";
			developmentRegion = en;
			hasScannedForEncodings = 0;
			knownRegions = (
				en,
				Base,
			);
			mainGroup = 6BA59744269F7EDC0008DB5F;
			productRefGroup = 6BA5974E269F7EDC0008DB5F /* Products */;
			projectDirPath = "";
			projectRoot = "";
			targets = (
				6BA5974C269F7EDC0008DB5F /* Homework4 */,
			);
		};
/* End PBXProject section */

/* Begin PBXResourcesBuildPhase section */
		6BA5974B269F7EDC0008DB5F /* Resources */ = {
			isa = PBXResourcesBuildPhase;
			buildActionMask = 2147483647;
			files = (
				6BA5975D269F7EDD0008DB5F /* LaunchScreen.storyboard in Resources */,
				6BA5975A269F7EDD0008DB5F /* Assets.xcassets in Resources */,
				6BA59758269F7EDC0008DB5F /* Main.storyboard in Resources */,
			);
			runOnlyForDeploymentPostprocessing = 0;
		};
/* End PBXResourcesBuildPhase section */

/* Begin PBXSourcesBuildPhase section */
		6BA59749269F7EDC0008DB5F /* Sources */ = {
			isa = PBXSourcesBuildPhase;
			buildActionMask = 2147483647;
			files = (
				6B31ED5626A52A9700994036 /* UserJobInfo.swift in Sources */,
				6B31ED4C26A51FCC00994036 /* UserTabBarController.swift in Sources */,
				6B31ED5426A52A7B00994036 /* UserPrimaryInfo.swift in Sources */,
				6B31ED4626A51EFB00994036 /* PrimaryInfoViewController.swift in Sources */,
				6BA59755269F7EDC0008DB5F /* LoginViewController.swift in Sources */,
				6B31ED4426A51EF400994036 /* SecurityInfoViewController.swift in Sources */,
				6B31ED5226A52A6300994036 /* UserSecurityInfo.swift in Sources */,
				6BA59751269F7EDC0008DB5F /* AppDelegate.swift in Sources */,
				6B31ED4826A51EFD00994036 /* PersonalInfoViewController.swift in Sources */,
				6B31ED5826A52AAD00994036 /* UserPersonalInfo.swift in Sources */,
				6BA5978F26A4EA4E0008DB5F /* User.swift in Sources */,
				6B31ED4A26A51EFE00994036 /* JobInfoViewController.swift in Sources */,
				6BA59753269F7EDC0008DB5F /* SceneDelegate.swift in Sources */,
			);
			runOnlyForDeploymentPostprocessing = 0;
		};
/* End PBXSourcesBuildPhase section */

/* Begin PBXVariantGroup section */
		6BA59756269F7EDC0008DB5F /* Main.storyboard */ = {
			isa = PBXVariantGroup;
			children = (
				6BA59757269F7EDC0008DB5F /* Base */,
			);
			name = Main.storyboard;
			sourceTree = "<group>";
		};
		6BA5975B269F7EDD0008DB5F /* LaunchScreen.storyboard */ = {
			isa = PBXVariantGroup;
			children = (
				6BA5975C269F7EDD0008DB5F /* Base */,
			);
			name = LaunchScreen.storyboard;
			sourceTree = "<group>";
		};
/* End PBXVariantGroup section */

/* Begin XCBuildConfiguration section */
		6BA5975F269F7EDD0008DB5F /* Debug */ = {
			isa = XCBuildConfiguration;
			buildSettings = {
				ALWAYS_SEARCH_USER_PATHS = NO;
				CLANG_ANALYZER_NONNULL = YES;
				CLANG_ANALYZER_NUMBER_OBJECT_CONVERSION = YES_AGGRESSIVE;
				CLANG_CXX_LANGUAGE_STANDARD = "gnu++14";
				CLANG_CXX_LIBRARY = "libc++";
				CLANG_ENABLE_MODULES = YES;
				CLANG_ENABLE_OBJC_ARC = YES;
				CLANG_ENABLE_OBJC_WEAK = YES;
				CLANG_WARN_BLOCK_CAPTURE_AUTORELEASING = YES;
				CLANG_WARN_BOOL_CONVERSION = YES;
				CLANG_WARN_COMMA = YES;
				CLANG_WARN_CONSTANT_CONVERSION = YES;
				CLANG_WARN_DEPRECATED_OBJC_IMPLEMENTATIONS = YES;
				CLANG_WARN_DIRECT_OBJC_ISA_USAGE = YES_ERROR;
				CLANG_WARN_DOCUMENTATION_COMMENTS = YES;
				CLANG_WARN_EMPTY_BODY = YES;
				CLANG_WARN_ENUM_CONVERSION = YES;
				CLANG_WARN_INFINITE_RECURSION = YES;
				CLANG_WARN_INT_CONVERSION = YES;
				CLANG_WARN_NON_LITERAL_NULL_CONVERSION = YES;
				CLANG_WARN_OBJC_IMPLICIT_RETAIN_SELF = YES;
				CLANG_WARN_OBJC_LITERAL_CONVERSION = YES;
				CLANG_WARN_OBJC_ROOT_CLASS = YES_ERROR;
				CLANG_WARN_QUOTED_INCLUDE_IN_FRAMEWORK_HEADER = YES;
				CLANG_WARN_RANGE_LOOP_ANALYSIS = YES;
				CLANG_WARN_STRICT_PROTOTYPES = YES;
				CLANG_WARN_SUSPICIOUS_MOVE = YES;
				CLANG_WARN_UNGUARDED_AVAILABILITY = YES_AGGRESSIVE;
				CLANG_WARN_UNREACHABLE_CODE = YES;
				CLANG_WARN__DUPLICATE_METHOD_MATCH = YES;
				COPY_PHASE_STRIP = NO;
				DEBUG_INFORMATION_FORMAT = dwarf;
				ENABLE_STRICT_OBJC_MSGSEND = YES;
				ENABLE_TESTABILITY = YES;
				GCC_C_LANGUAGE_STANDARD = gnu11;
				GCC_DYNAMIC_NO_PIC = NO;
				GCC_NO_COMMON_BLOCKS = YES;
				GCC_OPTIMIZATION_LEVEL = 0;
				GCC_PREPROCESSOR_DEFINITIONS = (
					"DEBUG=1",
					"$(inherited)",
				);
				GCC_WARN_64_TO_32_BIT_CONVERSION = YES;
				GCC_WARN_ABOUT_RETURN_TYPE = YES_ERROR;
				GCC_WARN_UNDECLARED_SELECTOR = YES;
				GCC_WARN_UNINITIALIZED_AUTOS = YES_AGGRESSIVE;
				GCC_WARN_UNUSED_FUNCTION = YES;
				GCC_WARN_UNUSED_VARIABLE = YES;
				IPHONEOS_DEPLOYMENT_TARGET = 14.5;
				MTL_ENABLE_DEBUG_INFO = INCLUDE_SOURCE;
				MTL_FAST_MATH = YES;
				ONLY_ACTIVE_ARCH = YES;
				SDKROOT = iphoneos;
				SWIFT_ACTIVE_COMPILATION_CONDITIONS = DEBUG;
				SWIFT_OPTIMIZATION_LEVEL = "-Onone";
			};
			name = Debug;
		};
		6BA59760269F7EDD0008DB5F /* Release */ = {
			isa = XCBuildConfiguration;
			buildSettings = {
				ALWAYS_SEARCH_USER_PATHS = NO;
				CLANG_ANALYZER_NONNULL = YES;
				CLANG_ANALYZER_NUMBER_OBJECT_CONVERSION = YES_AGGRESSIVE;
				CLANG_CXX_LANGUAGE_STANDARD = "gnu++14";
				CLANG_CXX_LIBRARY = "libc++";
				CLANG_ENABLE_MODULES = YES;
				CLANG_ENABLE_OBJC_ARC = YES;
				CLANG_ENABLE_OBJC_WEAK = YES;
				CLANG_WARN_BLOCK_CAPTURE_AUTORELEASING = YES;
				CLANG_WARN_BOOL_CONVERSION = YES;
				CLANG_WARN_COMMA = YES;
				CLANG_WARN_CONSTANT_CONVERSION = YES;
				CLANG_WARN_DEPRECATED_OBJC_IMPLEMENTATIONS = YES;
				CLANG_WARN_DIRECT_OBJC_ISA_USAGE = YES_ERROR;
				CLANG_WARN_DOCUMENTATION_COMMENTS = YES;
				CLANG_WARN_EMPTY_BODY = YES;
				CLANG_WARN_ENUM_CONVERSION = YES;
				CLANG_WARN_INFINITE_RECURSION = YES;
				CLANG_WARN_INT_CONVERSION = YES;
				CLANG_WARN_NON_LITERAL_NULL_CONVERSION = YES;
				CLANG_WARN_OBJC_IMPLICIT_RETAIN_SELF = YES;
				CLANG_WARN_OBJC_LITERAL_CONVERSION = YES;
				CLANG_WARN_OBJC_ROOT_CLASS = YES_ERROR;
				CLANG_WARN_QUOTED_INCLUDE_IN_FRAMEWORK_HEADER = YES;
				CLANG_WARN_RANGE_LOOP_ANALYSIS = YES;
				CLANG_WARN_STRICT_PROTOTYPES = YES;
				CLANG_WARN_SUSPICIOUS_MOVE = YES;
				CLANG_WARN_UNGUARDED_AVAILABILITY = YES_AGGRESSIVE;
				CLANG_WARN_UNREACHABLE_CODE = YES;
				CLANG_WARN__DUPLICATE_METHOD_MATCH = YES;
				COPY_PHASE_STRIP = NO;
				DEBUG_INFORMATION_FORMAT = "dwarf-with-dsym";
				ENABLE_NS_ASSERTIONS = NO;
				ENABLE_STRICT_OBJC_MSGSEND = YES;
				GCC_C_LANGUAGE_STANDARD = gnu11;
				GCC_NO_COMMON_BLOCKS = YES;
				GCC_WARN_64_TO_32_BIT_CONVERSION = YES;
				GCC_WARN_ABOUT_RETURN_TYPE = YES_ERROR;
				GCC_WARN_UNDECLARED_SELECTOR = YES;
				GCC_WARN_UNINITIALIZED_AUTOS = YES_AGGRESSIVE;
				GCC_WARN_UNUSED_FUNCTION = YES;
				GCC_WARN_UNUSED_VARIABLE = YES;
				IPHONEOS_DEPLOYMENT_TARGET = 14.5;
				MTL_ENABLE_DEBUG_INFO = NO;
				MTL_FAST_MATH = YES;
				SDKROOT = iphoneos;
				SWIFT_COMPILATION_MODE = wholemodule;
				SWIFT_OPTIMIZATION_LEVEL = "-O";
				VALIDATE_PRODUCT = YES;
			};
			name = Release;
		};
		6BA59762269F7EDD0008DB5F /* Debug */ = {
			isa = XCBuildConfiguration;
			buildSettings = {
				ASSETCATALOG_COMPILER_APPICON_NAME = AppIcon;
				ASSETCATALOG_COMPILER_GLOBAL_ACCENT_COLOR_NAME = AccentColor;
				CODE_SIGN_STYLE = Automatic;
				INFOPLIST_FILE = Homework4/Info.plist;
				LD_RUNPATH_SEARCH_PATHS = (
					"$(inherited)",
					"@executable_path/Frameworks",
				);
				PRODUCT_BUNDLE_IDENTIFIER = swiftbook.Homework4;
				PRODUCT_NAME = "$(TARGET_NAME)";
				SWIFT_VERSION = 5.0;
				TARGETED_DEVICE_FAMILY = "1,2";
			};
			name = Debug;
		};
		6BA59763269F7EDD0008DB5F /* Release */ = {
			isa = XCBuildConfiguration;
			buildSettings = {
				ASSETCATALOG_COMPILER_APPICON_NAME = AppIcon;
				ASSETCATALOG_COMPILER_GLOBAL_ACCENT_COLOR_NAME = AccentColor;
				CODE_SIGN_STYLE = Automatic;
				INFOPLIST_FILE = Homework4/Info.plist;
				LD_RUNPATH_SEARCH_PATHS = (
					"$(inherited)",
					"@executable_path/Frameworks",
				);
				PRODUCT_BUNDLE_IDENTIFIER = swiftbook.Homework4;
				PRODUCT_NAME = "$(TARGET_NAME)";
				SWIFT_VERSION = 5.0;
				TARGETED_DEVICE_FAMILY = "1,2";
			};
			name = Release;
		};
/* End XCBuildConfiguration section */

/* Begin XCConfigurationList section */
		6BA59748269F7EDC0008DB5F /* Build configuration list for PBXProject "Homework4" */ = {
			isa = XCConfigurationList;
			buildConfigurations = (
				6BA5975F269F7EDD0008DB5F /* Debug */,
				6BA59760269F7EDD0008DB5F /* Release */,
			);
			defaultConfigurationIsVisible = 0;
			defaultConfigurationName = Release;
		};
		6BA59761269F7EDD0008DB5F /* Build configuration list for PBXNativeTarget "Homework4" */ = {
			isa = XCConfigurationList;
			buildConfigurations = (
				6BA59762269F7EDD0008DB5F /* Debug */,
				6BA59763269F7EDD0008DB5F /* Release */,
			);
			defaultConfigurationIsVisible = 0;
			defaultConfigurationName = Release;
		};
/* End XCConfigurationList section */
	};
	rootObject = 6BA59745269F7EDC0008DB5F /* Project object */;
}
